
Microsoft Visual Studio Solution File, Format Version 12.00
# Visual Studio 15
VisualStudioVersion = 15.0.26124.0
MinimumVisualStudioVersion = 15.0.26124.0
Project("{2150E333-8FDC-42A3-9474-1A3956D46DE8}") = "src", "src", "{8D0FCD77-FE88-402F-A755-8EDBAB3859F9}"
EndProject
Project("{FAE04EC0-301F-11D3-BF4B-00C04F79EFBC}") = "Project.Core", "src\Project.Core\Project.Core.csproj", "{27F5F721-6D68-4C81-9D67-52A09EF1D95C}"
EndProject
Project("{2150E333-8FDC-42A3-9474-1A3956D46DE8}") = "tests", "tests", "{172865F3-5120-4565-97C2-53FC065E7891}"
EndProject
Project("{FAE04EC0-301F-11D3-BF4B-00C04F79EFBC}") = "Project.Core.UnitTests", "tests\Project.Core.UnitTests\Project.Core.UnitTests.csproj", "{798B9B9C-87DD-4C59-ABB9-09B31CAEDEA0}"
EndProject
Global
	GlobalSection(SolutionConfigurationPlatforms) = preSolution
		Debug|Any CPU = Debug|Any CPU
		Debug|x64 = Debug|x64
		Debug|x86 = Debug|x86
		Release|Any CPU = Release|Any CPU
		Release|x64 = Release|x64
		Release|x86 = Release|x86
	EndGlobalSection
	GlobalSection(SolutionProperties) = preSolution
		HideSolutionNode = FALSE
	EndGlobalSection
	GlobalSection(ProjectConfigurationPlatforms) = postSolution
		{27F5F721-6D68-4C81-9D67-52A09EF1D95C}.Debug|Any CPU.ActiveCfg = Debug|Any CPU
		{27F5F721-6D68-4C81-9D67-52A09EF1D95C}.Debug|Any CPU.Build.0 = Debug|Any CPU
		{27F5F721-6D68-4C81-9D67-52A09EF1D95C}.Debug|x64.ActiveCfg = Debug|Any CPU
		{27F5F721-6D68-4C81-9D67-52A09EF1D95C}.Debug|x64.Build.0 = Debug|Any CPU
		{27F5F721-6D68-4C81-9D67-52A09EF1D95C}.Debug|x86.ActiveCfg = Debug|Any CPU
		{27F5F721-6D68-4C81-9D67-52A09EF1D95C}.Debug|x86.Build.0 = Debug|Any CPU
		{27F5F721-6D68-4C81-9D67-52A09EF1D95C}.Release|Any CPU.ActiveCfg = Release|Any CPU
		{27F5F721-6D68-4C81-9D67-52A09EF1D95C}.Release|Any CPU.Build.0 = Release|Any CPU
		{27F5F721-6D68-4C81-9D67-52A09EF1D95C}.Release|x64.ActiveCfg = Release|Any CPU
		{27F5F721-6D68-4C81-9D67-52A09EF1D95C}.Release|x64.Build.0 = Release|Any CPU
		{27F5F721-6D68-4C81-9D67-52A09EF1D95C}.Release|x86.ActiveCfg = Release|Any CPU
		{27F5F721-6D68-4C81-9D67-52A09EF1D95C}.Release|x86.Build.0 = Release|Any CPU
		{798B9B9C-87DD-4C59-ABB9-09B31CAEDEA0}.Debug|Any CPU.ActiveCfg = Debug|Any CPU
		{798B9B9C-87DD-4C59-ABB9-09B31CAEDEA0}.Debug|Any CPU.Build.0 = Debug|Any CPU
		{798B9B9C-87DD-4C59-ABB9-09B31CAEDEA0}.Debug|x64.ActiveCfg = Debug|Any CPU
		{798B9B9C-87DD-4C59-ABB9-09B31CAEDEA0}.Debug|x64.Build.0 = Debug|Any CPU
		{798B9B9C-87DD-4C59-ABB9-09B31CAEDEA0}.Debug|x86.ActiveCfg = Debug|Any CPU
		{798B9B9C-87DD-4C59-ABB9-09B31CAEDEA0}.Debug|x86.Build.0 = Debug|Any CPU
		{798B9B9C-87DD-4C59-ABB9-09B31CAEDEA0}.Release|Any CPU.ActiveCfg = Release|Any CPU
		{798B9B9C-87DD-4C59-ABB9-09B31CAEDEA0}.Release|Any CPU.Build.0 = Release|Any CPU
		{798B9B9C-87DD-4C59-ABB9-09B31CAEDEA0}.Release|x64.ActiveCfg = Release|Any CPU
		{798B9B9C-87DD-4C59-ABB9-09B31CAEDEA0}.Release|x64.Build.0 = Release|Any CPU
		{798B9B9C-87DD-4C59-ABB9-09B31CAEDEA0}.Release|x86.ActiveCfg = Release|Any CPU
		{798B9B9C-87DD-4C59-ABB9-09B31CAEDEA0}.Release|x86.Build.0 = Release|Any CPU
	EndGlobalSection
	GlobalSection(NestedProjects) = preSolution
		{27F5F721-6D68-4C81-9D67-52A09EF1D95C} = {8D0FCD77-FE88-402F-A755-8EDBAB3859F9}
		{798B9B9C-87DD-4C59-ABB9-09B31CAEDEA0} = {172865F3-5120-4565-97C2-53FC065E7891}
	EndGlobalSection
EndGlobal
